
Microsoft Visual Studio Solution File, Format Version 12.00
# Visual Studio Version 16
VisualStudioVersion = 16.0.32106.194
MinimumVisualStudioVersion = 10.0.40219.1
Project("{FAE04EC0-301F-11D3-BF4B-00C04F79EFBC}") = "FunctionsTeturnandArraysFromFile", "FunctionsTeturnandArraysFromFile\FunctionsTeturnandArraysFromFile.csproj", "{0B9FD0DB-A00B-4711-AAC6-1FE97802EBF0}"
EndProject
Project("{FAE04EC0-301F-11D3-BF4B-00C04F79EFBC}") = "FridayNightRandom", "FridayNightRandom\FridayNightRandom.csproj", "{C8CF78E3-7034-4A36-B489-B19E387B5F82}"
EndProject
Project("{FAE04EC0-301F-11D3-BF4B-00C04F79EFBC}") = "FridayNightRandomReturn", "FridayNightRandomReturn\FridayNightRandomReturn.csproj", "{89C1A9E5-CD15-40A4-B06F-EDE50F7592DD}"
EndProject
Project("{FAE04EC0-301F-11D3-BF4B-00C04F79EFBC}") = "PickRandomFromFile", "PickRandomFromFile\PickRandomFromFile.csproj", "{322B0E88-DACC-4B60-B949-8955E3C9876F}"
EndProject
Project("{FAE04EC0-301F-11D3-BF4B-00C04F79EFBC}") = "ChuckNorris", "ChuckNorris\ChuckNorris.csproj", "{7E96A03A-2DD9-43AD-8549-F5CB0911BDDF}"
EndProject
Global
	GlobalSection(SolutionConfigurationPlatforms) = preSolution
		Debug|Any CPU = Debug|Any CPU
		Release|Any CPU = Release|Any CPU
	EndGlobalSection
	GlobalSection(ProjectConfigurationPlatforms) = postSolution
		{0B9FD0DB-A00B-4711-AAC6-1FE97802EBF0}.Debug|Any CPU.ActiveCfg = Debug|Any CPU
		{0B9FD0DB-A00B-4711-AAC6-1FE97802EBF0}.Debug|Any CPU.Build.0 = Debug|Any CPU
		{0B9FD0DB-A00B-4711-AAC6-1FE97802EBF0}.Release|Any CPU.ActiveCfg = Release|Any CPU
		{0B9FD0DB-A00B-4711-AAC6-1FE97802EBF0}.Release|Any CPU.Build.0 = Release|Any CPU
		{C8CF78E3-7034-4A36-B489-B19E387B5F82}.Debug|Any CPU.ActiveCfg = Debug|Any CPU
		{C8CF78E3-7034-4A36-B489-B19E387B5F82}.Debug|Any CPU.Build.0 = Debug|Any CPU
		{C8CF78E3-7034-4A36-B489-B19E387B5F82}.Release|Any CPU.ActiveCfg = Release|Any CPU
		{C8CF78E3-7034-4A36-B489-B19E387B5F82}.Release|Any CPU.Build.0 = Release|Any CPU
		{89C1A9E5-CD15-40A4-B06F-EDE50F7592DD}.Debug|Any CPU.ActiveCfg = Debug|Any CPU
		{89C1A9E5-CD15-40A4-B06F-EDE50F7592DD}.Debug|Any CPU.Build.0 = Debug|Any CPU
		{89C1A9E5-CD15-40A4-B06F-EDE50F7592DD}.Release|Any CPU.ActiveCfg = Release|Any CPU
		{89C1A9E5-CD15-40A4-B06F-EDE50F7592DD}.Release|Any CPU.Build.0 = Release|Any CPU
		{322B0E88-DACC-4B60-B949-8955E3C9876F}.Debug|Any CPU.ActiveCfg = Debug|Any CPU
		{322B0E88-DACC-4B60-B949-8955E3C9876F}.Debug|Any CPU.Build.0 = Debug|Any CPU
		{322B0E88-DACC-4B60-B949-8955E3C9876F}.Release|Any CPU.ActiveCfg = Release|Any CPU
		{322B0E88-DACC-4B60-B949-8955E3C9876F}.Release|Any CPU.Build.0 = Release|Any CPU
		{7E96A03A-2DD9-43AD-8549-F5CB0911BDDF}.Debug|Any CPU.ActiveCfg = Debug|Any CPU
		{7E96A03A-2DD9-43AD-8549-F5CB0911BDDF}.Debug|Any CPU.Build.0 = Debug|Any CPU
		{7E96A03A-2DD9-43AD-8549-F5CB0911BDDF}.Release|Any CPU.ActiveCfg = Release|Any CPU
		{7E96A03A-2DD9-43AD-8549-F5CB0911BDDF}.Release|Any CPU.Build.0 = Release|Any CPU
	EndGlobalSection
	GlobalSection(SolutionProperties) = preSolution
		HideSolutionNode = FALSE
	EndGlobalSection
	GlobalSection(ExtensibilityGlobals) = postSolution
		SolutionGuid = {D11E9C2F-4A74-492A-8A32-4C7B2EA1167C}
	EndGlobalSection
EndGlobal
